// !$*UTF8*$!
{
	archiveVersion = 1;
	classes = {
	};
	objectVersion = 48;
	objects = {

/* Begin PBXBuildFile section */
		456B820F9FDE80D7D4118153 /* Pods_TumblrUITests.framework in Frameworks */ = {isa = PBXBuildFile; fileRef = 753A6062571F991683DBEFC8 /* Pods_TumblrUITests.framework */; };
		4FF6CBF63F0403613ADBD77F /* Pods_TumblrTests.framework in Frameworks */ = {isa = PBXBuildFile; fileRef = 92A31CB1F50BA41A05FFC7EE /* Pods_TumblrTests.framework */; };
		5C2FA0812114308600AB1DC2 /* PhotosViewController.swift in Sources */ = {isa = PBXBuildFile; fileRef = 5C2FA0802114308600AB1DC2 /* PhotosViewController.swift */; };
		5C2FA083211433E200AB1DC2 /* PhotoCell.swift in Sources */ = {isa = PBXBuildFile; fileRef = 5C2FA082211433E200AB1DC2 /* PhotoCell.swift */; };
		5C7AB09021142ED300E1EA16 /* AppDelegate.swift in Sources */ = {isa = PBXBuildFile; fileRef = 5C7AB08F21142ED300E1EA16 /* AppDelegate.swift */; };
		5C7AB09521142ED300E1EA16 /* Main.storyboard in Resources */ = {isa = PBXBuildFile; fileRef = 5C7AB09321142ED300E1EA16 /* Main.storyboard */; };
		5C7AB09721142ED300E1EA16 /* Assets.xcassets in Resources */ = {isa = PBXBuildFile; fileRef = 5C7AB09621142ED300E1EA16 /* Assets.xcassets */; };
		5C7AB09A21142ED300E1EA16 /* LaunchScreen.storyboard in Resources */ = {isa = PBXBuildFile; fileRef = 5C7AB09821142ED300E1EA16 /* LaunchScreen.storyboard */; };
		5C7AB0A521142ED300E1EA16 /* TumblrTests.swift in Sources */ = {isa = PBXBuildFile; fileRef = 5C7AB0A421142ED300E1EA16 /* TumblrTests.swift */; };
		5C7AB0B021142ED300E1EA16 /* TumblrUITests.swift in Sources */ = {isa = PBXBuildFile; fileRef = 5C7AB0AF21142ED300E1EA16 /* TumblrUITests.swift */; };
		FFBAC0234DF607A518F4557F /* Pods_Tumblr.framework in Frameworks */ = {isa = PBXBuildFile; fileRef = 8EA8EBBA7D8D184B23CB693F /* Pods_Tumblr.framework */; };
/* End PBXBuildFile section */

/* Begin PBXContainerItemProxy section */
		5C7AB0A121142ED300E1EA16 /* PBXContainerItemProxy */ = {
			isa = PBXContainerItemProxy;
			containerPortal = 5C7AB08421142ED300E1EA16 /* Project object */;
			proxyType = 1;
			remoteGlobalIDString = 5C7AB08B21142ED300E1EA16;
			remoteInfo = Tumblr;
		};
		5C7AB0AC21142ED300E1EA16 /* PBXContainerItemProxy */ = {
			isa = PBXContainerItemProxy;
			containerPortal = 5C7AB08421142ED300E1EA16 /* Project object */;
			proxyType = 1;
			remoteGlobalIDString = 5C7AB08B21142ED300E1EA16;
			remoteInfo = Tumblr;
		};
/* End PBXContainerItemProxy section */

/* Begin PBXFileReference section */
		394211C02699B6575889EA7F /* Pods-Tumblr.debug.xcconfig */ = {isa = PBXFileReference; includeInIndex = 1; lastKnownFileType = text.xcconfig; name = "Pods-Tumblr.debug.xcconfig"; path = "Pods/Target Support Files/Pods-Tumblr/Pods-Tumblr.debug.xcconfig"; sourceTree = "<group>"; };
		5255B74FC37B41E31B21EFFF /* Pods-TumblrTests.release.xcconfig */ = {isa = PBXFileReference; includeInIndex = 1; lastKnownFileType = text.xcconfig; name = "Pods-TumblrTests.release.xcconfig"; path = "Pods/Target Support Files/Pods-TumblrTests/Pods-TumblrTests.release.xcconfig"; sourceTree = "<group>"; };
		5C1EA9B931A9D0974EBFB221 /* Pods-TumblrUITests.release.xcconfig */ = {isa = PBXFileReference; includeInIndex = 1; lastKnownFileType = text.xcconfig; name = "Pods-TumblrUITests.release.xcconfig"; path = "Pods/Target Support Files/Pods-TumblrUITests/Pods-TumblrUITests.release.xcconfig"; sourceTree = "<group>"; };
		5C2FA0802114308600AB1DC2 /* PhotosViewController.swift */ = {isa = PBXFileReference; lastKnownFileType = sourcecode.swift; path = PhotosViewController.swift; sourceTree = "<group>"; };
		5C2FA082211433E200AB1DC2 /* PhotoCell.swift */ = {isa = PBXFileReference; lastKnownFileType = sourcecode.swift; path = PhotoCell.swift; sourceTree = "<group>"; };
		5C7AB08C21142ED300E1EA16 /* Tumblr.app */ = {isa = PBXFileReference; explicitFileType = wrapper.application; includeInIndex = 0; path = Tumblr.app; sourceTree = BUILT_PRODUCTS_DIR; };
		5C7AB08F21142ED300E1EA16 /* AppDelegate.swift */ = {isa = PBXFileReference; lastKnownFileType = sourcecode.swift; path = AppDelegate.swift; sourceTree = "<group>"; };
		5C7AB09421142ED300E1EA16 /* Base */ = {isa = PBXFileReference; lastKnownFileType = file.storyboard; name = Base; path = Base.lproj/Main.storyboard; sourceTree = "<group>"; };
		5C7AB09621142ED300E1EA16 /* Assets.xcassets */ = {isa = PBXFileReference; lastKnownFileType = folder.assetcatalog; path = Assets.xcassets; sourceTree = "<group>"; };
		5C7AB09921142ED300E1EA16 /* Base */ = {isa = PBXFileReference; lastKnownFileType = file.storyboard; name = Base; path = Base.lproj/LaunchScreen.storyboard; sourceTree = "<group>"; };
		5C7AB09B21142ED300E1EA16 /* Info.plist */ = {isa = PBXFileReference; lastKnownFileType = text.plist.xml; path = Info.plist; sourceTree = "<group>"; };
		5C7AB0A021142ED300E1EA16 /* TumblrTests.xctest */ = {isa = PBXFileReference; explicitFileType = wrapper.cfbundle; includeInIndex = 0; path = TumblrTests.xctest; sourceTree = BUILT_PRODUCTS_DIR; };
		5C7AB0A421142ED300E1EA16 /* TumblrTests.swift */ = {isa = PBXFileReference; lastKnownFileType = sourcecode.swift; path = TumblrTests.swift; sourceTree = "<group>"; };
		5C7AB0A621142ED300E1EA16 /* Info.plist */ = {isa = PBXFileReference; lastKnownFileType = text.plist.xml; path = Info.plist; sourceTree = "<group>"; };
		5C7AB0AB21142ED300E1EA16 /* TumblrUITests.xctest */ = {isa = PBXFileReference; explicitFileType = wrapper.cfbundle; includeInIndex = 0; path = TumblrUITests.xctest; sourceTree = BUILT_PRODUCTS_DIR; };
		5C7AB0AF21142ED300E1EA16 /* TumblrUITests.swift */ = {isa = PBXFileReference; lastKnownFileType = sourcecode.swift; path = TumblrUITests.swift; sourceTree = "<group>"; };
		5C7AB0B121142ED300E1EA16 /* Info.plist */ = {isa = PBXFileReference; lastKnownFileType = text.plist.xml; path = Info.plist; sourceTree = "<group>"; };
		753A6062571F991683DBEFC8 /* Pods_TumblrUITests.framework */ = {isa = PBXFileReference; explicitFileType = wrapper.framework; includeInIndex = 0; path = Pods_TumblrUITests.framework; sourceTree = BUILT_PRODUCTS_DIR; };
		8EA8EBBA7D8D184B23CB693F /* Pods_Tumblr.framework */ = {isa = PBXFileReference; explicitFileType = wrapper.framework; includeInIndex = 0; path = Pods_Tumblr.framework; sourceTree = BUILT_PRODUCTS_DIR; };
		92A31CB1F50BA41A05FFC7EE /* Pods_TumblrTests.framework */ = {isa = PBXFileReference; explicitFileType = wrapper.framework; includeInIndex = 0; path = Pods_TumblrTests.framework; sourceTree = BUILT_PRODUCTS_DIR; };
		97E09F010D24064006C25141 /* Pods-TumblrUITests.debug.xcconfig */ = {isa = PBXFileReference; includeInIndex = 1; lastKnownFileType = text.xcconfig; name = "Pods-TumblrUITests.debug.xcconfig"; path = "Pods/Target Support Files/Pods-TumblrUITests/Pods-TumblrUITests.debug.xcconfig"; sourceTree = "<group>"; };
		D1B7E492C26474ECFB8110E8 /* Pods-TumblrTests.debug.xcconfig */ = {isa = PBXFileReference; includeInIndex = 1; lastKnownFileType = text.xcconfig; name = "Pods-TumblrTests.debug.xcconfig"; path = "Pods/Target Support Files/Pods-TumblrTests/Pods-TumblrTests.debug.xcconfig"; sourceTree = "<group>"; };
		F9EE716ED4B236F57510F787 /* Pods-Tumblr.release.xcconfig */ = {isa = PBXFileReference; includeInIndex = 1; lastKnownFileType = text.xcconfig; name = "Pods-Tumblr.release.xcconfig"; path = "Pods/Target Support Files/Pods-Tumblr/Pods-Tumblr.release.xcconfig"; sourceTree = "<group>"; };
/* End PBXFileReference section */

/* Begin PBXFrameworksBuildPhase section */
		5C7AB08921142ED300E1EA16 /* Frameworks */ = {
			isa = PBXFrameworksBuildPhase;
			buildActionMask = 2147483647;
			files = (
				FFBAC0234DF607A518F4557F /* Pods_Tumblr.framework in Frameworks */,
			);
			runOnlyForDeploymentPostprocessing = 0;
		};
		5C7AB09D21142ED300E1EA16 /* Frameworks */ = {
			isa = PBXFrameworksBuildPhase;
			buildActionMask = 2147483647;
			files = (
				4FF6CBF63F0403613ADBD77F /* Pods_TumblrTests.framework in Frameworks */,
			);
			runOnlyForDeploymentPostprocessing = 0;
		};
		5C7AB0A821142ED300E1EA16 /* Frameworks */ = {
			isa = PBXFrameworksBuildPhase;
			buildActionMask = 2147483647;
			files = (
				456B820F9FDE80D7D4118153 /* Pods_TumblrUITests.framework in Frameworks */,
			);
			runOnlyForDeploymentPostprocessing = 0;
		};
/* End PBXFrameworksBuildPhase section */

/* Begin PBXGroup section */
		5C7AB08321142ED300E1EA16 = {
			isa = PBXGroup;
			children = (
				5C7AB08E21142ED300E1EA16 /* Tumblr */,
				5C7AB0A321142ED300E1EA16 /* TumblrTests */,
				5C7AB0AE21142ED300E1EA16 /* TumblrUITests */,
				5C7AB08D21142ED300E1EA16 /* Products */,
				EAD2D9F931B85D68F8ABFC64 /* Pods */,
				FF043357E459458BE7EDE445 /* Frameworks */,
			);
			sourceTree = "<group>";
		};
		5C7AB08D21142ED300E1EA16 /* Products */ = {
			isa = PBXGroup;
			children = (
				5C7AB08C21142ED300E1EA16 /* Tumblr.app */,
				5C7AB0A021142ED300E1EA16 /* TumblrTests.xctest */,
				5C7AB0AB21142ED300E1EA16 /* TumblrUITests.xctest */,
			);
			name = Products;
			sourceTree = "<group>";
		};
		5C7AB08E21142ED300E1EA16 /* Tumblr */ = {
			isa = PBXGroup;
			children = (
				5C7AB08F21142ED300E1EA16 /* AppDelegate.swift */,
				5C7AB09321142ED300E1EA16 /* Main.storyboard */,
				5C2FA0802114308600AB1DC2 /* PhotosViewController.swift */,
				5C2FA082211433E200AB1DC2 /* PhotoCell.swift */,
				5C7AB09621142ED300E1EA16 /* Assets.xcassets */,
				5C7AB09821142ED300E1EA16 /* LaunchScreen.storyboard */,
				5C7AB09B21142ED300E1EA16 /* Info.plist */,
			);
			path = Tumblr;
			sourceTree = "<group>";
		};
		5C7AB0A321142ED300E1EA16 /* TumblrTests */ = {
			isa = PBXGroup;
			children = (
				5C7AB0A421142ED300E1EA16 /* TumblrTests.swift */,
				5C7AB0A621142ED300E1EA16 /* Info.plist */,
			);
			path = TumblrTests;
			sourceTree = "<group>";
		};
		5C7AB0AE21142ED300E1EA16 /* TumblrUITests */ = {
			isa = PBXGroup;
			children = (
				5C7AB0AF21142ED300E1EA16 /* TumblrUITests.swift */,
				5C7AB0B121142ED300E1EA16 /* Info.plist */,
			);
			path = TumblrUITests;
			sourceTree = "<group>";
		};
		EAD2D9F931B85D68F8ABFC64 /* Pods */ = {
			isa = PBXGroup;
			children = (
				394211C02699B6575889EA7F /* Pods-Tumblr.debug.xcconfig */,
				F9EE716ED4B236F57510F787 /* Pods-Tumblr.release.xcconfig */,
				D1B7E492C26474ECFB8110E8 /* Pods-TumblrTests.debug.xcconfig */,
				5255B74FC37B41E31B21EFFF /* Pods-TumblrTests.release.xcconfig */,
				97E09F010D24064006C25141 /* Pods-TumblrUITests.debug.xcconfig */,
				5C1EA9B931A9D0974EBFB221 /* Pods-TumblrUITests.release.xcconfig */,
			);
			name = Pods;
			sourceTree = "<group>";
		};
		FF043357E459458BE7EDE445 /* Frameworks */ = {
			isa = PBXGroup;
			children = (
				8EA8EBBA7D8D184B23CB693F /* Pods_Tumblr.framework */,
				92A31CB1F50BA41A05FFC7EE /* Pods_TumblrTests.framework */,
				753A6062571F991683DBEFC8 /* Pods_TumblrUITests.framework */,
			);
			name = Frameworks;
			sourceTree = "<group>";
		};
/* End PBXGroup section */

/* Begin PBXNativeTarget section */
		5C7AB08B21142ED300E1EA16 /* Tumblr */ = {
			isa = PBXNativeTarget;
			buildConfigurationList = 5C7AB0B421142ED300E1EA16 /* Build configuration list for PBXNativeTarget "Tumblr" */;
			buildPhases = (
				3BC1F9EFDBD5762A7909F863 /* [CP] Check Pods Manifest.lock */,
				5C7AB08821142ED300E1EA16 /* Sources */,
				5C7AB08921142ED300E1EA16 /* Frameworks */,
				5C7AB08A21142ED300E1EA16 /* Resources */,
				59C15043AADE3CD0273B9916 /* [CP] Embed Pods Frameworks */,
			);
			buildRules = (
			);
			dependencies = (
			);
			name = Tumblr;
			productName = Tumblr;
			productReference = 5C7AB08C21142ED300E1EA16 /* Tumblr.app */;
			productType = "com.apple.product-type.application";
		};
		5C7AB09F21142ED300E1EA16 /* TumblrTests */ = {
			isa = PBXNativeTarget;
			buildConfigurationList = 5C7AB0B721142ED300E1EA16 /* Build configuration list for PBXNativeTarget "TumblrTests" */;
			buildPhases = (
				A3C18BADCA0BF51E8F394007 /* [CP] Check Pods Manifest.lock */,
				5C7AB09C21142ED300E1EA16 /* Sources */,
				5C7AB09D21142ED300E1EA16 /* Frameworks */,
				5C7AB09E21142ED300E1EA16 /* Resources */,
			);
			buildRules = (
			);
			dependencies = (
				5C7AB0A221142ED300E1EA16 /* PBXTargetDependency */,
			);
			name = TumblrTests;
			productName = TumblrTests;
			productReference = 5C7AB0A021142ED300E1EA16 /* TumblrTests.xctest */;
			productType = "com.apple.product-type.bundle.unit-test";
		};
		5C7AB0AA21142ED300E1EA16 /* TumblrUITests */ = {
			isa = PBXNativeTarget;
			buildConfigurationList = 5C7AB0BA21142ED300E1EA16 /* Build configuration list for PBXNativeTarget "TumblrUITests" */;
			buildPhases = (
				81B3E0B592B7F02E4D1F2368 /* [CP] Check Pods Manifest.lock */,
				5C7AB0A721142ED300E1EA16 /* Sources */,
				5C7AB0A821142ED300E1EA16 /* Frameworks */,
				5C7AB0A921142ED300E1EA16 /* Resources */,
			);
			buildRules = (
			);
			dependencies = (
				5C7AB0AD21142ED300E1EA16 /* PBXTargetDependency */,
			);
			name = TumblrUITests;
			productName = TumblrUITests;
			productReference = 5C7AB0AB21142ED300E1EA16 /* TumblrUITests.xctest */;
			productType = "com.apple.product-type.bundle.ui-testing";
		};
/* End PBXNativeTarget section */

/* Begin PBXProject section */
		5C7AB08421142ED300E1EA16 /* Project object */ = {
			isa = PBXProject;
			attributes = {
				LastSwiftUpdateCheck = 0910;
				LastUpgradeCheck = 0910;
				ORGANIZATIONNAME = "Mayank Gandhi";
				TargetAttributes = {
					5C7AB08B21142ED300E1EA16 = {
						CreatedOnToolsVersion = 9.1;
						ProvisioningStyle = Automatic;
					};
					5C7AB09F21142ED300E1EA16 = {
						CreatedOnToolsVersion = 9.1;
						ProvisioningStyle = Automatic;
						TestTargetID = 5C7AB08B21142ED300E1EA16;
					};
					5C7AB0AA21142ED300E1EA16 = {
						CreatedOnToolsVersion = 9.1;
						ProvisioningStyle = Automatic;
						TestTargetID = 5C7AB08B21142ED300E1EA16;
					};
				};
			};
			buildConfigurationList = 5C7AB08721142ED300E1EA16 /* Build configuration list for PBXProject "Tumblr" */;
			compatibilityVersion = "Xcode 8.0";
			developmentRegion = en;
			hasScannedForEncodings = 0;
			knownRegions = (
				en,
				Base,
			);
			mainGroup = 5C7AB08321142ED300E1EA16;
			productRefGroup = 5C7AB08D21142ED300E1EA16 /* Products */;
			projectDirPath = "";
			projectRoot = "";
			targets = (
				5C7AB08B21142ED300E1EA16 /* Tumblr */,
				5C7AB09F21142ED300E1EA16 /* TumblrTests */,
				5C7AB0AA21142ED300E1EA16 /* TumblrUITests */,
			);
		};
/* End PBXProject section */

/* Begin PBXResourcesBuildPhase section */
		5C7AB08A21142ED300E1EA16 /* Resources */ = {
			isa = PBXResourcesBuildPhase;
			buildActionMask = 2147483647;
			files = (
				5C7AB09A21142ED300E1EA16 /* LaunchScreen.storyboard in Resources */,
				5C7AB09721142ED300E1EA16 /* Assets.xcassets in Resources */,
				5C7AB09521142ED300E1EA16 /* Main.storyboard in Resources */,
			);
			runOnlyForDeploymentPostprocessing = 0;
		};
		5C7AB09E21142ED300E1EA16 /* Resources */ = {
			isa = PBXResourcesBuildPhase;
			buildActionMask = 2147483647;
			files = (
			);
			runOnlyForDeploymentPostprocessing = 0;
		};
		5C7AB0A921142ED300E1EA16 /* Resources */ = {
			isa = PBXResourcesBuildPhase;
			buildActionMask = 2147483647;
			files = (
			);
			runOnlyForDeploymentPostprocessing = 0;
		};
/* End PBXResourcesBuildPhase section */

/* Begin PBXShellScriptBuildPhase section */
		3BC1F9EFDBD5762A7909F863 /* [CP] Check Pods Manifest.lock */ = {
			isa = PBXShellScriptBuildPhase;
			buildActionMask = 2147483647;
			files = (
			);
			inputPaths = (
				"${PODS_PODFILE_DIR_PATH}/Podfile.lock",
				"${PODS_ROOT}/Manifest.lock",
			);
			name = "[CP] Check Pods Manifest.lock";
			outputPaths = (
				"$(DERIVED_FILE_DIR)/Pods-Tumblr-checkManifestLockResult.txt",
			);
			runOnlyForDeploymentPostprocessing = 0;
			shellPath = /bin/sh;
			shellScript = "diff \"${PODS_PODFILE_DIR_PATH}/Podfile.lock\" \"${PODS_ROOT}/Manifest.lock\" > /dev/null\nif [ $? != 0 ] ; then\n    # print error to STDERR\n    echo \"error: The sandbox is not in sync with the Podfile.lock. Run 'pod install' or update your CocoaPods installation.\" >&2\n    exit 1\nfi\n# This output is used by Xcode 'outputs' to avoid re-running this script phase.\necho \"SUCCESS\" > \"${SCRIPT_OUTPUT_FILE_0}\"\n";
			showEnvVarsInLog = 0;
		};
		59C15043AADE3CD0273B9916 /* [CP] Embed Pods Frameworks */ = {
			isa = PBXShellScriptBuildPhase;
			buildActionMask = 2147483647;
			files = (
			);
			inputPaths = (
				"${SRCROOT}/Pods/Target Support Files/Pods-Tumblr/Pods-Tumblr-frameworks.sh",
				"${BUILT_PRODUCTS_DIR}/Alamofire/Alamofire.framework",
				"${BUILT_PRODUCTS_DIR}/AlamofireImage/AlamofireImage.framework",
			);
			name = "[CP] Embed Pods Frameworks";
			outputPaths = (
				"${TARGET_BUILD_DIR}/${FRAMEWORKS_FOLDER_PATH}/Alamofire.framework",
				"${TARGET_BUILD_DIR}/${FRAMEWORKS_FOLDER_PATH}/AlamofireImage.framework",
			);
			runOnlyForDeploymentPostprocessing = 0;
			shellPath = /bin/sh;
			shellScript = "\"${SRCROOT}/Pods/Target Support Files/Pods-Tumblr/Pods-Tumblr-frameworks.sh\"\n";
			showEnvVarsInLog = 0;
		};
		81B3E0B592B7F02E4D1F2368 /* [CP] Check Pods Manifest.lock */ = {
			isa = PBXShellScriptBuildPhase;
			buildActionMask = 2147483647;
			files = (
			);
			inputPaths = (
				"${PODS_PODFILE_DIR_PATH}/Podfile.lock",
				"${PODS_ROOT}/Manifest.lock",
			);
			name = "[CP] Check Pods Manifest.lock";
			outputPaths = (
				"$(DERIVED_FILE_DIR)/Pods-TumblrUITests-checkManifestLockResult.txt",
			);
			runOnlyForDeploymentPostprocessing = 0;
			shellPath = /bin/sh;
			shellScript = "diff \"${PODS_PODFILE_DIR_PATH}/Podfile.lock\" \"${PODS_ROOT}/Manifest.lock\" > /dev/null\nif [ $? != 0 ] ; then\n    # print error to STDERR\n    echo \"error: The sandbox is not in sync with the Podfile.lock. Run 'pod install' or update your CocoaPods installation.\" >&2\n    exit 1\nfi\n# This output is used by Xcode 'outputs' to avoid re-running this script phase.\necho \"SUCCESS\" > \"${SCRIPT_OUTPUT_FILE_0}\"\n";
			showEnvVarsInLog = 0;
		};
		A3C18BADCA0BF51E8F394007 /* [CP] Check Pods Manifest.lock */ = {
			isa = PBXShellScriptBuildPhase;
			buildActionMask = 2147483647;
			files = (
			);
			inputPaths = (
				"${PODS_PODFILE_DIR_PATH}/Podfile.lock",
				"${PODS_ROOT}/Manifest.lock",
			);
			name = "[CP] Check Pods Manifest.lock";
			outputPaths = (
				"$(DERIVED_FILE_DIR)/Pods-TumblrTests-checkManifestLockResult.txt",
			);
			runOnlyForDeploymentPostprocessing = 0;
			shellPath = /bin/sh;
			shellScript = "diff \"${PODS_PODFILE_DIR_PATH}/Podfile.lock\" \"${PODS_ROOT}/Manifest.lock\" > /dev/null\nif [ $? != 0 ] ; then\n    # print error to STDERR\n    echo \"error: The sandbox is not in sync with the Podfile.lock. Run 'pod install' or update your CocoaPods installation.\" >&2\n    exit 1\nfi\n# This output is used by Xcode 'outputs' to avoid re-running this script phase.\necho \"SUCCESS\" > \"${SCRIPT_OUTPUT_FILE_0}\"\n";
			showEnvVarsInLog = 0;
		};
/* End PBXShellScriptBuildPhase section */

/* Begin PBXSourcesBuildPhase section */
		5C7AB08821142ED300E1EA16 /* Sources */ = {
			isa = PBXSourcesBuildPhase;
			buildActionMask = 2147483647;
			files = (
				5C7AB09021142ED300E1EA16 /* AppDelegate.swift in Sources */,
				5C2FA083211433E200AB1DC2 /* PhotoCell.swift in Sources */,
				5C2FA0812114308600AB1DC2 /* PhotosViewController.swift in Sources */,
			);
			runOnlyForDeploymentPostprocessing = 0;
		};
		5C7AB09C21142ED300E1EA16 /* Sources */ = {
			isa = PBXSourcesBuildPhase;
			buildActionMask = 2147483647;
			files = (
				5C7AB0A521142ED300E1EA16 /* TumblrTests.swift in Sources */,
			);
			runOnlyForDeploymentPostprocessing = 0;
		};
		5C7AB0A721142ED300E1EA16 /* Sources */ = {
			isa = PBXSourcesBuildPhase;
			buildActionMask = 2147483647;
			files = (
				5C7AB0B021142ED300E1EA16 /* TumblrUITests.swift in Sources */,
			);
			runOnlyForDeploymentPostprocessing = 0;
		};
/* End PBXSourcesBuildPhase section */

/* Begin PBXTargetDependency section */
		5C7AB0A221142ED300E1EA16 /* PBXTargetDependency */ = {
			isa = PBXTargetDependency;
			target = 5C7AB08B21142ED300E1EA16 /* Tumblr */;
			targetProxy = 5C7AB0A121142ED300E1EA16 /* PBXContainerItemProxy */;
		};
		5C7AB0AD21142ED300E1EA16 /* PBXTargetDependency */ = {
			isa = PBXTargetDependency;
			target = 5C7AB08B21142ED300E1EA16 /* Tumblr */;
			targetProxy = 5C7AB0AC21142ED300E1EA16 /* PBXContainerItemProxy */;
		};
/* End PBXTargetDependency section */

/* Begin PBXVariantGroup section */
		5C7AB09321142ED300E1EA16 /* Main.storyboard */ = {
			isa = PBXVariantGroup;
			children = (
				5C7AB09421142ED300E1EA16 /* Base */,
			);
			name = Main.storyboard;
			sourceTree = "<group>";
		};
		5C7AB09821142ED300E1EA16 /* LaunchScreen.storyboard */ = {
			isa = PBXVariantGroup;
			children = (
				5C7AB09921142ED300E1EA16 /* Base */,
			);
			name = LaunchScreen.storyboard;
			sourceTree = "<group>";
		};
/* End PBXVariantGroup section */

/* Begin XCBuildConfiguration section */
		5C7AB0B221142ED300E1EA16 /* Debug */ = {
			isa = XCBuildConfiguration;
			buildSettings = {
				ALWAYS_SEARCH_USER_PATHS = NO;
				CLANG_ANALYZER_NONNULL = YES;
				CLANG_ANALYZER_NUMBER_OBJECT_CONVERSION = YES_AGGRESSIVE;
				CLANG_CXX_LANGUAGE_STANDARD = "gnu++14";
				CLANG_CXX_LIBRARY = "libc++";
				CLANG_ENABLE_MODULES = YES;
				CLANG_ENABLE_OBJC_ARC = YES;
				CLANG_WARN_BLOCK_CAPTURE_AUTORELEASING = YES;
				CLANG_WARN_BOOL_CONVERSION = YES;
				CLANG_WARN_COMMA = YES;
				CLANG_WARN_CONSTANT_CONVERSION = YES;
				CLANG_WARN_DIRECT_OBJC_ISA_USAGE = YES_ERROR;
				CLANG_WARN_DOCUMENTATION_COMMENTS = YES;
				CLANG_WARN_EMPTY_BODY = YES;
				CLANG_WARN_ENUM_CONVERSION = YES;
				CLANG_WARN_INFINITE_RECURSION = YES;
				CLANG_WARN_INT_CONVERSION = YES;
				CLANG_WARN_NON_LITERAL_NULL_CONVERSION = YES;
				CLANG_WARN_OBJC_LITERAL_CONVERSION = YES;
				CLANG_WARN_OBJC_ROOT_CLASS = YES_ERROR;
				CLANG_WARN_RANGE_LOOP_ANALYSIS = YES;
				CLANG_WARN_STRICT_PROTOTYPES = YES;
				CLANG_WARN_SUSPICIOUS_MOVE = YES;
				CLANG_WARN_UNGUARDED_AVAILABILITY = YES_AGGRESSIVE;
				CLANG_WARN_UNREACHABLE_CODE = YES;
				CLANG_WARN__DUPLICATE_METHOD_MATCH = YES;
				CODE_SIGN_IDENTITY = "iPhone Developer";
				COPY_PHASE_STRIP = NO;
				DEBUG_INFORMATION_FORMAT = dwarf;
				ENABLE_STRICT_OBJC_MSGSEND = YES;
				ENABLE_TESTABILITY = YES;
				GCC_C_LANGUAGE_STANDARD = gnu11;
				GCC_DYNAMIC_NO_PIC = NO;
				GCC_NO_COMMON_BLOCKS = YES;
				GCC_OPTIMIZATION_LEVEL = 0;
				GCC_PREPROCESSOR_DEFINITIONS = (
					"DEBUG=1",
					"$(inherited)",
				);
				GCC_WARN_64_TO_32_BIT_CONVERSION = YES;
				GCC_WARN_ABOUT_RETURN_TYPE = YES_ERROR;
				GCC_WARN_UNDECLARED_SELECTOR = YES;
				GCC_WARN_UNINITIALIZED_AUTOS = YES_AGGRESSIVE;
				GCC_WARN_UNUSED_FUNCTION = YES;
				GCC_WARN_UNUSED_VARIABLE = YES;
				IPHONEOS_DEPLOYMENT_TARGET = 11.1;
				MTL_ENABLE_DEBUG_INFO = YES;
				ONLY_ACTIVE_ARCH = YES;
				SDKROOT = iphoneos;
				SWIFT_ACTIVE_COMPILATION_CONDITIONS = DEBUG;
				SWIFT_OPTIMIZATION_LEVEL = "-Onone";
			};
			name = Debug;
		};
		5C7AB0B321142ED300E1EA16 /* Release */ = {
			isa = XCBuildConfiguration;
			buildSettings = {
				ALWAYS_SEARCH_USER_PATHS = NO;
				CLANG_ANALYZER_NONNULL = YES;
				CLANG_ANALYZER_NUMBER_OBJECT_CONVERSION = YES_AGGRESSIVE;
				CLANG_CXX_LANGUAGE_STANDARD = "gnu++14";
				CLANG_CXX_LIBRARY = "libc++";
				CLANG_ENABLE_MODULES = YES;
				CLANG_ENABLE_OBJC_ARC = YES;
				CLANG_WARN_BLOCK_CAPTURE_AUTORELEASING = YES;
				CLANG_WARN_BOOL_CONVERSION = YES;
				CLANG_WARN_COMMA = YES;
				CLANG_WARN_CONSTANT_CONVERSION = YES;
				CLANG_WARN_DIRECT_OBJC_ISA_USAGE = YES_ERROR;
				CLANG_WARN_DOCUMENTATION_COMMENTS = YES;
				CLANG_WARN_EMPTY_BODY = YES;
				CLANG_WARN_ENUM_CONVERSION = YES;
				CLANG_WARN_INFINITE_RECURSION = YES;
				CLANG_WARN_INT_CONVERSION = YES;
				CLANG_WARN_NON_LITERAL_NULL_CONVERSION = YES;
				CLANG_WARN_OBJC_LITERAL_CONVERSION = YES;
				CLANG_WARN_OBJC_ROOT_CLASS = YES_ERROR;
				CLANG_WARN_RANGE_LOOP_ANALYSIS = YES;
				CLANG_WARN_STRICT_PROTOTYPES = YES;
				CLANG_WARN_SUSPICIOUS_MOVE = YES;
				CLANG_WARN_UNGUARDED_AVAILABILITY = YES_AGGRESSIVE;
				CLANG_WARN_UNREACHABLE_CODE = YES;
				CLANG_WARN__DUPLICATE_METHOD_MATCH = YES;
				CODE_SIGN_IDENTITY = "iPhone Developer";
				COPY_PHASE_STRIP = NO;
				DEBUG_INFORMATION_FORMAT = "dwarf-with-dsym";
				ENABLE_NS_ASSERTIONS = NO;
				ENABLE_STRICT_OBJC_MSGSEND = YES;
				GCC_C_LANGUAGE_STANDARD = gnu11;
				GCC_NO_COMMON_BLOCKS = YES;
				GCC_WARN_64_TO_32_BIT_CONVERSION = YES;
				GCC_WARN_ABOUT_RETURN_TYPE = YES_ERROR;
				GCC_WARN_UNDECLARED_SELECTOR = YES;
				GCC_WARN_UNINITIALIZED_AUTOS = YES_AGGRESSIVE;
				GCC_WARN_UNUSED_FUNCTION = YES;
				GCC_WARN_UNUSED_VARIABLE = YES;
				IPHONEOS_DEPLOYMENT_TARGET = 11.1;
				MTL_ENABLE_DEBUG_INFO = NO;
				SDKROOT = iphoneos;
				SWIFT_OPTIMIZATION_LEVEL = "-Owholemodule";
				VALIDATE_PRODUCT = YES;
			};
			name = Release;
		};
		5C7AB0B521142ED300E1EA16 /* Debug */ = {
			isa = XCBuildConfiguration;
			baseConfigurationReference = 394211C02699B6575889EA7F /* Pods-Tumblr.debug.xcconfig */;
			buildSettings = {
				ASSETCATALOG_COMPILER_APPICON_NAME = AppIcon;
				CODE_SIGN_STYLE = Automatic;
				DEVELOPMENT_TEAM = Q7HVAVTGUP;
				INFOPLIST_FILE = Tumblr/Info.plist;
				LD_RUNPATH_SEARCH_PATHS = "$(inherited) @executable_path/Frameworks";
				PRODUCT_BUNDLE_IDENTIFIER = MayankGandhi.Tumblr;
				PRODUCT_NAME = "$(TARGET_NAME)";
				SWIFT_VERSION = 4.0;
				TARGETED_DEVICE_FAMILY = "1,2";
			};
			name = Debug;
		};
		5C7AB0B621142ED300E1EA16 /* Release */ = {
			isa = XCBuildConfiguration;
			baseConfigurationReference = F9EE716ED4B236F57510F787 /* Pods-Tumblr.release.xcconfig */;
			buildSettings = {
				ASSETCATALOG_COMPILER_APPICON_NAME = AppIcon;
				CODE_SIGN_STYLE = Automatic;
				DEVELOPMENT_TEAM = Q7HVAVTGUP;
				INFOPLIST_FILE = Tumblr/Info.plist;
				LD_RUNPATH_SEARCH_PATHS = "$(inherited) @executable_path/Frameworks";
				PRODUCT_BUNDLE_IDENTIFIER = MayankGandhi.Tumblr;
				PRODUCT_NAME = "$(TARGET_NAME)";
				SWIFT_VERSION = 4.0;
				TARGETED_DEVICE_FAMILY = "1,2";
			};
			name = Release;
		};
		5C7AB0B821142ED300E1EA16 /* Debug */ = {
			isa = XCBuildConfiguration;
			baseConfigurationReference = D1B7E492C26474ECFB8110E8 /* Pods-TumblrTests.debug.xcconfig */;
			buildSettings = {
				ALWAYS_EMBED_SWIFT_STANDARD_LIBRARIES = YES;
				BUNDLE_LOADER = "$(TEST_HOST)";
				CODE_SIGN_STYLE = Automatic;
				DEVELOPMENT_TEAM = Q7HVAVTGUP;
				INFOPLIST_FILE = TumblrTests/Info.plist;
				LD_RUNPATH_SEARCH_PATHS = "$(inherited) @executable_path/Frameworks @loader_path/Frameworks";
				PRODUCT_BUNDLE_IDENTIFIER = MayankGandhi.TumblrTests;
				PRODUCT_NAME = "$(TARGET_NAME)";
				SWIFT_VERSION = 4.0;
				TARGETED_DEVICE_FAMILY = "1,2";
				TEST_HOST = "$(BUILT_PRODUCTS_DIR)/Tumblr.app/Tumblr";
			};
			name = Debug;
		};
		5C7AB0B921142ED300E1EA16 /* Release */ = {
			isa = XCBuildConfiguration;
			baseConfigurationReference = 5255B74FC37B41E31B21EFFF /* Pods-TumblrTests.release.xcconfig */;
			buildSettings = {
				ALWAYS_EMBED_SWIFT_STANDARD_LIBRARIES = YES;
				BUNDLE_LOADER = "$(TEST_HOST)";
				CODE_SIGN_STYLE = Automatic;
				DEVELOPMENT_TEAM = Q7HVAVTGUP;
				INFOPLIST_FILE = TumblrTests/Info.plist;
				LD_RUNPATH_SEARCH_PATHS = "$(inherited) @executable_path/Frameworks @loader_path/Frameworks";
				PRODUCT_BUNDLE_IDENTIFIER = MayankGandhi.TumblrTests;
				PRODUCT_NAME = "$(TARGET_NAME)";
				SWIFT_VERSION = 4.0;
				TARGETED_DEVICE_FAMILY = "1,2";
				TEST_HOST = "$(BUILT_PRODUCTS_DIR)/Tumblr.app/Tumblr";
			};
			name = Release;
		};
		5C7AB0BB21142ED300E1EA16 /* Debug */ = {
			isa = XCBuildConfiguration;
			baseConfigurationReference = 97E09F010D24064006C25141 /* Pods-TumblrUITests.debug.xcconfig */;
			buildSettings = {
				ALWAYS_EMBED_SWIFT_STANDARD_LIBRARIES = YES;
				CODE_SIGN_STYLE = Automatic;
				DEVELOPMENT_TEAM = Q7HVAVTGUP;
				INFOPLIST_FILE = TumblrUITests/Info.plist;
				LD_RUNPATH_SEARCH_PATHS = "$(inherited) @executable_path/Frameworks @loader_path/Frameworks";
				PRODUCT_BUNDLE_IDENTIFIER = MayankGandhi.TumblrUITests;
				PRODUCT_NAME = "$(TARGET_NAME)";
				SWIFT_VERSION = 4.0;
				TARGETED_DEVICE_FAMILY = "1,2";
				TEST_TARGET_NAME = Tumblr;
			};
			name = Debug;
		};
		5C7AB0BC21142ED300E1EA16 /* Release */ = {
			isa = XCBuildConfiguration;
			baseConfigurationReference = 5C1EA9B931A9D0974EBFB221 /* Pods-TumblrUITests.release.xcconfig */;
			buildSettings = {
				ALWAYS_EMBED_SWIFT_STANDARD_LIBRARIES = YES;
				CODE_SIGN_STYLE = Automatic;
				DEVELOPMENT_TEAM = Q7HVAVTGUP;
				INFOPLIST_FILE = TumblrUITests/Info.plist;
				LD_RUNPATH_SEARCH_PATHS = "$(inherited) @executable_path/Frameworks @loader_path/Frameworks";
				PRODUCT_BUNDLE_IDENTIFIER = MayankGandhi.TumblrUITests;
				PRODUCT_NAME = "$(TARGET_NAME)";
				SWIFT_VERSION = 4.0;
				TARGETED_DEVICE_FAMILY = "1,2";
				TEST_TARGET_NAME = Tumblr;
			};
			name = Release;
		};
/* End XCBuildConfiguration section */

/* Begin XCConfigurationList section */
		5C7AB08721142ED300E1EA16 /* Build configuration list for PBXProject "Tumblr" */ = {
			isa = XCConfigurationList;
			buildConfigurations = (
				5C7AB0B221142ED300E1EA16 /* Debug */,
				5C7AB0B321142ED300E1EA16 /* Release */,
			);
			defaultConfigurationIsVisible = 0;
			defaultConfigurationName = Release;
		};
		5C7AB0B421142ED300E1EA16 /* Build configuration list for PBXNativeTarget "Tumblr" */ = {
			isa = XCConfigurationList;
			buildConfigurations = (
				5C7AB0B521142ED300E1EA16 /* Debug */,
				5C7AB0B621142ED300E1EA16 /* Release */,
			);
			defaultConfigurationIsVisible = 0;
			defaultConfigurationName = Release;
		};
		5C7AB0B721142ED300E1EA16 /* Build configuration list for PBXNativeTarget "TumblrTests" */ = {
			isa = XCConfigurationList;
			buildConfigurations = (
				5C7AB0B821142ED300E1EA16 /* Debug */,
				5C7AB0B921142ED300E1EA16 /* Release */,
			);
			defaultConfigurationIsVisible = 0;
			defaultConfigurationName = Release;
		};
		5C7AB0BA21142ED300E1EA16 /* Build configuration list for PBXNativeTarget "TumblrUITests" */ = {
			isa = XCConfigurationList;
			buildConfigurations = (
				5C7AB0BB21142ED300E1EA16 /* Debug */,
				5C7AB0BC21142ED300E1EA16 /* Release */,
			);
			defaultConfigurationIsVisible = 0;
			defaultConfigurationName = Release;
		};
/* End XCConfigurationList section */
	};
	rootObject = 5C7AB08421142ED300E1EA16 /* Project object */;
}
